
Microsoft Visual Studio Solution File, Format Version 12.00
# Visual Studio Version 17
VisualStudioVersion = 17.8.34525.116
MinimumVisualStudioVersion = 10.0.40219.1
Project("{8BC9CEB8-8B4A-11D0-8D11-00A0C91BC942}") = "StudentCppRevisionTask07Project", "StudentCppRevisionTask07Project\StudentCppRevisionTask07Project.vcxproj", "{1BC05294-F630-4C11-9129-9CA6514481EB}"
EndProject
Global
	GlobalSection(SolutionConfigurationPlatforms) = preSolution
		Debug|x64 = Debug|x64
		Debug|x86 = Debug|x86
		Release|x64 = Release|x64
		Release|x86 = Release|x86
	EndGlobalSection
	GlobalSection(ProjectConfigurationPlatforms) = postSolution
		{1BC05294-F630-4C11-9129-9CA6514481EB}.Debug|x64.ActiveCfg = Debug|x64
		{1BC05294-F630-4C11-9129-9CA6514481EB}.Debug|x64.Build.0 = Debug|x64
		{1BC05294-F630-4C11-9129-9CA6514481EB}.Debug|x86.ActiveCfg = Debug|Win32
		{1BC05294-F630-4C11-9129-9CA6514481EB}.Debug|x86.Build.0 = Debug|Win32
		{1BC05294-F630-4C11-9129-9CA6514481EB}.Release|x64.ActiveCfg = Release|x64
		{1BC05294-F630-4C11-9129-9CA6514481EB}.Release|x64.Build.0 = Release|x64
		{1BC05294-F630-4C11-9129-9CA6514481EB}.Release|x86.ActiveCfg = Release|Win32
		{1BC05294-F630-4C11-9129-9CA6514481EB}.Release|x86.Build.0 = Release|Win32
	EndGlobalSection
	GlobalSection(SolutionProperties) = preSolution
		HideSolutionNode = FALSE
	EndGlobalSection
	GlobalSection(ExtensibilityGlobals) = postSolution
		SolutionGuid = {1D3B1E4A-A435-4488-96E9-61B60B47A192}
	EndGlobalSection
EndGlobal
